// !$*UTF8*$!
{
	archiveVersion = 1;
	classes = {
	};
	objectVersion = 55;
	objects = {

/* Begin PBXBuildFile section */
		948B7DE927B7D5B700BE1973 /* AppDelegate.swift in Sources */ = {isa = PBXBuildFile; fileRef = 948B7DE827B7D5B700BE1973 /* AppDelegate.swift */; };
		948B7DED27B7D5B700BE1973 /* ViewController.swift in Sources */ = {isa = PBXBuildFile; fileRef = 948B7DEC27B7D5B700BE1973 /* ViewController.swift */; };
		948B7DF327B7D5B700BE1973 /* TodoModel.xcdatamodeld in Sources */ = {isa = PBXBuildFile; fileRef = 948B7DF127B7D5B700BE1973 /* TodoModel.xcdatamodeld */; };
		948B7DF527B7D5B900BE1973 /* Assets.xcassets in Resources */ = {isa = PBXBuildFile; fileRef = 948B7DF427B7D5B900BE1973 /* Assets.xcassets */; };
		948B7DF827B7D5B900BE1973 /* LaunchScreen.storyboard in Resources */ = {isa = PBXBuildFile; fileRef = 948B7DF627B7D5B900BE1973 /* LaunchScreen.storyboard */; };
		948B7E0B27B81F7700BE1973 /* TodosConfigurator.swift in Sources */ = {isa = PBXBuildFile; fileRef = 948B7E0A27B81F7700BE1973 /* TodosConfigurator.swift */; };
		948B7E0D27B81FA200BE1973 /* TodosInteractor.swift in Sources */ = {isa = PBXBuildFile; fileRef = 948B7E0C27B81FA200BE1973 /* TodosInteractor.swift */; };
		948B7E0F27B81FAE00BE1973 /* TodosPresenter.swift in Sources */ = {isa = PBXBuildFile; fileRef = 948B7E0E27B81FAE00BE1973 /* TodosPresenter.swift */; };
		948B7E1127B81FBB00BE1973 /* TodosRouter.swift in Sources */ = {isa = PBXBuildFile; fileRef = 948B7E1027B81FBB00BE1973 /* TodosRouter.swift */; };
		948B7E1327B81FC500BE1973 /* TodosView.swift in Sources */ = {isa = PBXBuildFile; fileRef = 948B7E1227B81FC500BE1973 /* TodosView.swift */; };
		948B7E1527B81FD400BE1973 /* TodosViewController.swift in Sources */ = {isa = PBXBuildFile; fileRef = 948B7E1427B81FD400BE1973 /* TodosViewController.swift */; };
		948B7E1727B8289600BE1973 /* Extensions.swift in Sources */ = {isa = PBXBuildFile; fileRef = 948B7E1627B8289600BE1973 /* Extensions.swift */; };
		948B7E1927B82D2400BE1973 /* TodosService.swift in Sources */ = {isa = PBXBuildFile; fileRef = 948B7E1827B82D2400BE1973 /* TodosService.swift */; };
		948B7E1B27B833D300BE1973 /* PersistentContainerProvider.swift in Sources */ = {isa = PBXBuildFile; fileRef = 948B7E1A27B833D300BE1973 /* PersistentContainerProvider.swift */; };
/* End PBXBuildFile section */

/* Begin PBXFileReference section */
		948B7DE527B7D5B700BE1973 /* SwiftTodoApp.app */ = {isa = PBXFileReference; explicitFileType = wrapper.application; includeInIndex = 0; path = SwiftTodoApp.app; sourceTree = BUILT_PRODUCTS_DIR; };
		948B7DE827B7D5B700BE1973 /* AppDelegate.swift */ = {isa = PBXFileReference; lastKnownFileType = sourcecode.swift; path = AppDelegate.swift; sourceTree = "<group>"; };
		948B7DEC27B7D5B700BE1973 /* ViewController.swift */ = {isa = PBXFileReference; lastKnownFileType = sourcecode.swift; path = ViewController.swift; sourceTree = "<group>"; };
		948B7DF227B7D5B700BE1973 /* SwiftTodoApp.xcdatamodel */ = {isa = PBXFileReference; lastKnownFileType = wrapper.xcdatamodel; path = SwiftTodoApp.xcdatamodel; sourceTree = "<group>"; };
		948B7DF427B7D5B900BE1973 /* Assets.xcassets */ = {isa = PBXFileReference; lastKnownFileType = folder.assetcatalog; path = Assets.xcassets; sourceTree = "<group>"; };
		948B7DF727B7D5B900BE1973 /* Base */ = {isa = PBXFileReference; lastKnownFileType = file.storyboard; name = Base; path = Base.lproj/LaunchScreen.storyboard; sourceTree = "<group>"; };
		948B7DF927B7D5B900BE1973 /* Info.plist */ = {isa = PBXFileReference; lastKnownFileType = text.plist.xml; path = Info.plist; sourceTree = "<group>"; };
		948B7E0A27B81F7700BE1973 /* TodosConfigurator.swift */ = {isa = PBXFileReference; lastKnownFileType = sourcecode.swift; path = TodosConfigurator.swift; sourceTree = "<group>"; };
		948B7E0C27B81FA200BE1973 /* TodosInteractor.swift */ = {isa = PBXFileReference; lastKnownFileType = sourcecode.swift; path = TodosInteractor.swift; sourceTree = "<group>"; };
		948B7E0E27B81FAE00BE1973 /* TodosPresenter.swift */ = {isa = PBXFileReference; lastKnownFileType = sourcecode.swift; path = TodosPresenter.swift; sourceTree = "<group>"; };
		948B7E1027B81FBB00BE1973 /* TodosRouter.swift */ = {isa = PBXFileReference; lastKnownFileType = sourcecode.swift; path = TodosRouter.swift; sourceTree = "<group>"; };
		948B7E1227B81FC500BE1973 /* TodosView.swift */ = {isa = PBXFileReference; lastKnownFileType = sourcecode.swift; path = TodosView.swift; sourceTree = "<group>"; };
		948B7E1427B81FD400BE1973 /* TodosViewController.swift */ = {isa = PBXFileReference; lastKnownFileType = sourcecode.swift; path = TodosViewController.swift; sourceTree = "<group>"; };
		948B7E1627B8289600BE1973 /* Extensions.swift */ = {isa = PBXFileReference; lastKnownFileType = sourcecode.swift; path = Extensions.swift; sourceTree = "<group>"; };
		948B7E1827B82D2400BE1973 /* TodosService.swift */ = {isa = PBXFileReference; lastKnownFileType = sourcecode.swift; path = TodosService.swift; sourceTree = "<group>"; };
		948B7E1A27B833D300BE1973 /* PersistentContainerProvider.swift */ = {isa = PBXFileReference; lastKnownFileType = sourcecode.swift; path = PersistentContainerProvider.swift; sourceTree = "<group>"; };
/* End PBXFileReference section */

/* Begin PBXFrameworksBuildPhase section */
		948B7DE227B7D5B700BE1973 /* Frameworks */ = {
			isa = PBXFrameworksBuildPhase;
			buildActionMask = 2147483647;
			files = (
			);
			runOnlyForDeploymentPostprocessing = 0;
		};
/* End PBXFrameworksBuildPhase section */

/* Begin PBXGroup section */
		948B7DDC27B7D5B700BE1973 = {
			isa = PBXGroup;
			children = (
				948B7DE727B7D5B700BE1973 /* SwiftTodoApp */,
				948B7DE627B7D5B700BE1973 /* Products */,
			);
			sourceTree = "<group>";
		};
		948B7DE627B7D5B700BE1973 /* Products */ = {
			isa = PBXGroup;
			children = (
				948B7DE527B7D5B700BE1973 /* SwiftTodoApp.app */,
			);
			name = Products;
			sourceTree = "<group>";
		};
		948B7DE727B7D5B700BE1973 /* SwiftTodoApp */ = {
			isa = PBXGroup;
			children = (
				948B7E0327B7D9F000BE1973 /* ApplicationLayer */,
				948B7E0227B7D9E700BE1973 /* PresentationLayer */,
				948B7E0127B7D9DE00BE1973 /* BusinessLogicLayer */,
				948B7E0027B7D9D500BE1973 /* CoreLayer */,
				948B7DFF27B7D9CC00BE1973 /* SupportingFiles */,
				948B7DEC27B7D5B700BE1973 /* ViewController.swift */,
				948B7DF627B7D5B900BE1973 /* LaunchScreen.storyboard */,
			);
			path = SwiftTodoApp;
			sourceTree = "<group>";
		};
		948B7DFF27B7D9CC00BE1973 /* SupportingFiles */ = {
			isa = PBXGroup;
			children = (
				948B7DF427B7D5B900BE1973 /* Assets.xcassets */,
				948B7DF927B7D5B900BE1973 /* Info.plist */,
				948B7E1627B8289600BE1973 /* Extensions.swift */,
			);
			path = SupportingFiles;
			sourceTree = "<group>";
		};
		948B7E0027B7D9D500BE1973 /* CoreLayer */ = {
			isa = PBXGroup;
			children = (
				948B7E0427B7DA1E00BE1973 /* Storage */,
			);
			path = CoreLayer;
			sourceTree = "<group>";
		};
		948B7E0127B7D9DE00BE1973 /* BusinessLogicLayer */ = {
			isa = PBXGroup;
			children = (
				948B7E0627B7DA3300BE1973 /* Entities */,
				948B7E0527B7DA2900BE1973 /* Services */,
			);
			path = BusinessLogicLayer;
			sourceTree = "<group>";
		};
		948B7E0227B7D9E700BE1973 /* PresentationLayer */ = {
			isa = PBXGroup;
			children = (
				948B7E0727B7DA4100BE1973 /* Modules */,
			);
			path = PresentationLayer;
			sourceTree = "<group>";
		};
		948B7E0327B7D9F000BE1973 /* ApplicationLayer */ = {
			isa = PBXGroup;
			children = (
				948B7DE827B7D5B700BE1973 /* AppDelegate.swift */,
			);
			path = ApplicationLayer;
			sourceTree = "<group>";
		};
		948B7E0427B7DA1E00BE1973 /* Storage */ = {
			isa = PBXGroup;
			children = (
				948B7E1A27B833D300BE1973 /* PersistentContainerProvider.swift */,
			);
			path = Storage;
			sourceTree = "<group>";
		};
		948B7E0527B7DA2900BE1973 /* Services */ = {
			isa = PBXGroup;
			children = (
				948B7E1827B82D2400BE1973 /* TodosService.swift */,
			);
			path = Services;
			sourceTree = "<group>";
		};
		948B7E0627B7DA3300BE1973 /* Entities */ = {
			isa = PBXGroup;
			children = (
				948B7DF127B7D5B700BE1973 /* TodoModel.xcdatamodeld */,
			);
			path = Entities;
			sourceTree = "<group>";
		};
		948B7E0727B7DA4100BE1973 /* Modules */ = {
			isa = PBXGroup;
			children = (
				948B7E0927B7DA5200BE1973 /* TodoDetail */,
				948B7E0827B7DA4700BE1973 /* Todos */,
			);
			path = Modules;
			sourceTree = "<group>";
		};
		948B7E0827B7DA4700BE1973 /* Todos */ = {
			isa = PBXGroup;
			children = (
				948B7E0A27B81F7700BE1973 /* TodosConfigurator.swift */,
				948B7E0C27B81FA200BE1973 /* TodosInteractor.swift */,
				948B7E0E27B81FAE00BE1973 /* TodosPresenter.swift */,
				948B7E1027B81FBB00BE1973 /* TodosRouter.swift */,
				948B7E1227B81FC500BE1973 /* TodosView.swift */,
				948B7E1427B81FD400BE1973 /* TodosViewController.swift */,
			);
			path = Todos;
			sourceTree = "<group>";
		};
		948B7E0927B7DA5200BE1973 /* TodoDetail */ = {
			isa = PBXGroup;
			children = (
			);
			path = TodoDetail;
			sourceTree = "<group>";
		};
/* End PBXGroup section */

/* Begin PBXNativeTarget section */
		948B7DE427B7D5B700BE1973 /* SwiftTodoApp */ = {
			isa = PBXNativeTarget;
			buildConfigurationList = 948B7DFC27B7D5B900BE1973 /* Build configuration list for PBXNativeTarget "SwiftTodoApp" */;
			buildPhases = (
				948B7DE127B7D5B700BE1973 /* Sources */,
				948B7DE227B7D5B700BE1973 /* Frameworks */,
				948B7DE327B7D5B700BE1973 /* Resources */,
			);
			buildRules = (
			);
			dependencies = (
			);
			name = SwiftTodoApp;
			productName = SwiftTodoApp;
			productReference = 948B7DE527B7D5B700BE1973 /* SwiftTodoApp.app */;
			productType = "com.apple.product-type.application";
		};
/* End PBXNativeTarget section */

/* Begin PBXProject section */
		948B7DDD27B7D5B700BE1973 /* Project object */ = {
			isa = PBXProject;
			attributes = {
				BuildIndependentTargetsInParallel = 1;
				LastSwiftUpdateCheck = 1310;
				LastUpgradeCheck = 1310;
				TargetAttributes = {
					948B7DE427B7D5B700BE1973 = {
						CreatedOnToolsVersion = 13.1;
					};
				};
			};
			buildConfigurationList = 948B7DE027B7D5B700BE1973 /* Build configuration list for PBXProject "SwiftTodoApp" */;
			compatibilityVersion = "Xcode 13.0";
			developmentRegion = en;
			hasScannedForEncodings = 0;
			knownRegions = (
				en,
				Base,
			);
			mainGroup = 948B7DDC27B7D5B700BE1973;
			productRefGroup = 948B7DE627B7D5B700BE1973 /* Products */;
			projectDirPath = "";
			projectRoot = "";
			targets = (
				948B7DE427B7D5B700BE1973 /* SwiftTodoApp */,
			);
		};
/* End PBXProject section */

/* Begin PBXResourcesBuildPhase section */
		948B7DE327B7D5B700BE1973 /* Resources */ = {
			isa = PBXResourcesBuildPhase;
			buildActionMask = 2147483647;
			files = (
				948B7DF827B7D5B900BE1973 /* LaunchScreen.storyboard in Resources */,
				948B7DF527B7D5B900BE1973 /* Assets.xcassets in Resources */,
			);
			runOnlyForDeploymentPostprocessing = 0;
		};
/* End PBXResourcesBuildPhase section */

/* Begin PBXSourcesBuildPhase section */
		948B7DE127B7D5B700BE1973 /* Sources */ = {
			isa = PBXSourcesBuildPhase;
			buildActionMask = 2147483647;
			files = (
				948B7DED27B7D5B700BE1973 /* ViewController.swift in Sources */,
				948B7E1B27B833D300BE1973 /* PersistentContainerProvider.swift in Sources */,
				948B7DF327B7D5B700BE1973 /* TodoModel.xcdatamodeld in Sources */,
				948B7E0F27B81FAE00BE1973 /* TodosPresenter.swift in Sources */,
				948B7E1927B82D2400BE1973 /* TodosService.swift in Sources */,
				948B7DE927B7D5B700BE1973 /* AppDelegate.swift in Sources */,
				948B7E1527B81FD400BE1973 /* TodosViewController.swift in Sources */,
				948B7E1727B8289600BE1973 /* Extensions.swift in Sources */,
				948B7E0B27B81F7700BE1973 /* TodosConfigurator.swift in Sources */,
				948B7E0D27B81FA200BE1973 /* TodosInteractor.swift in Sources */,
				948B7E1327B81FC500BE1973 /* TodosView.swift in Sources */,
				948B7E1127B81FBB00BE1973 /* TodosRouter.swift in Sources */,
			);
			runOnlyForDeploymentPostprocessing = 0;
		};
/* End PBXSourcesBuildPhase section */

/* Begin PBXVariantGroup section */
		948B7DF627B7D5B900BE1973 /* LaunchScreen.storyboard */ = {
			isa = PBXVariantGroup;
			children = (
				948B7DF727B7D5B900BE1973 /* Base */,
			);
			name = LaunchScreen.storyboard;
			sourceTree = "<group>";
		};
/* End PBXVariantGroup section */

/* Begin XCBuildConfiguration section */
		948B7DFA27B7D5B900BE1973 /* Debug */ = {
			isa = XCBuildConfiguration;
			buildSettings = {
				ALWAYS_SEARCH_USER_PATHS = NO;
				CLANG_ANALYZER_NONNULL = YES;
				CLANG_ANALYZER_NUMBER_OBJECT_CONVERSION = YES_AGGRESSIVE;
				CLANG_CXX_LANGUAGE_STANDARD = "gnu++17";
				CLANG_CXX_LIBRARY = "libc++";
				CLANG_ENABLE_MODULES = YES;
				CLANG_ENABLE_OBJC_ARC = YES;
				CLANG_ENABLE_OBJC_WEAK = YES;
				CLANG_WARN_BLOCK_CAPTURE_AUTORELEASING = YES;
				CLANG_WARN_BOOL_CONVERSION = YES;
				CLANG_WARN_COMMA = YES;
				CLANG_WARN_CONSTANT_CONVERSION = YES;
				CLANG_WARN_DEPRECATED_OBJC_IMPLEMENTATIONS = YES;
				CLANG_WARN_DIRECT_OBJC_ISA_USAGE = YES_ERROR;
				CLANG_WARN_DOCUMENTATION_COMMENTS = YES;
				CLANG_WARN_EMPTY_BODY = YES;
				CLANG_WARN_ENUM_CONVERSION = YES;
				CLANG_WARN_INFINITE_RECURSION = YES;
				CLANG_WARN_INT_CONVERSION = YES;
				CLANG_WARN_NON_LITERAL_NULL_CONVERSION = YES;
				CLANG_WARN_OBJC_IMPLICIT_RETAIN_SELF = YES;
				CLANG_WARN_OBJC_LITERAL_CONVERSION = YES;
				CLANG_WARN_OBJC_ROOT_CLASS = YES_ERROR;
				CLANG_WARN_QUOTED_INCLUDE_IN_FRAMEWORK_HEADER = YES;
				CLANG_WARN_RANGE_LOOP_ANALYSIS = YES;
				CLANG_WARN_STRICT_PROTOTYPES = YES;
				CLANG_WARN_SUSPICIOUS_MOVE = YES;
				CLANG_WARN_UNGUARDED_AVAILABILITY = YES_AGGRESSIVE;
				CLANG_WARN_UNREACHABLE_CODE = YES;
				CLANG_WARN__DUPLICATE_METHOD_MATCH = YES;
				COPY_PHASE_STRIP = NO;
				DEBUG_INFORMATION_FORMAT = dwarf;
				ENABLE_STRICT_OBJC_MSGSEND = YES;
				ENABLE_TESTABILITY = YES;
				GCC_C_LANGUAGE_STANDARD = gnu11;
				GCC_DYNAMIC_NO_PIC = NO;
				GCC_NO_COMMON_BLOCKS = YES;
				GCC_OPTIMIZATION_LEVEL = 0;
				GCC_PREPROCESSOR_DEFINITIONS = (
					"DEBUG=1",
					"$(inherited)",
				);
				GCC_WARN_64_TO_32_BIT_CONVERSION = YES;
				GCC_WARN_ABOUT_RETURN_TYPE = YES_ERROR;
				GCC_WARN_UNDECLARED_SELECTOR = YES;
				GCC_WARN_UNINITIALIZED_AUTOS = YES_AGGRESSIVE;
				GCC_WARN_UNUSED_FUNCTION = YES;
				GCC_WARN_UNUSED_VARIABLE = YES;
				IPHONEOS_DEPLOYMENT_TARGET = 15.0;
				MTL_ENABLE_DEBUG_INFO = INCLUDE_SOURCE;
				MTL_FAST_MATH = YES;
				ONLY_ACTIVE_ARCH = YES;
				SDKROOT = iphoneos;
				SWIFT_ACTIVE_COMPILATION_CONDITIONS = DEBUG;
				SWIFT_OPTIMIZATION_LEVEL = "-Onone";
			};
			name = Debug;
		};
		948B7DFB27B7D5B900BE1973 /* Release */ = {
			isa = XCBuildConfiguration;
			buildSettings = {
				ALWAYS_SEARCH_USER_PATHS = NO;
				CLANG_ANALYZER_NONNULL = YES;
				CLANG_ANALYZER_NUMBER_OBJECT_CONVERSION = YES_AGGRESSIVE;
				CLANG_CXX_LANGUAGE_STANDARD = "gnu++17";
				CLANG_CXX_LIBRARY = "libc++";
				CLANG_ENABLE_MODULES = YES;
				CLANG_ENABLE_OBJC_ARC = YES;
				CLANG_ENABLE_OBJC_WEAK = YES;
				CLANG_WARN_BLOCK_CAPTURE_AUTORELEASING = YES;
				CLANG_WARN_BOOL_CONVERSION = YES;
				CLANG_WARN_COMMA = YES;
				CLANG_WARN_CONSTANT_CONVERSION = YES;
				CLANG_WARN_DEPRECATED_OBJC_IMPLEMENTATIONS = YES;
				CLANG_WARN_DIRECT_OBJC_ISA_USAGE = YES_ERROR;
				CLANG_WARN_DOCUMENTATION_COMMENTS = YES;
				CLANG_WARN_EMPTY_BODY = YES;
				CLANG_WARN_ENUM_CONVERSION = YES;
				CLANG_WARN_INFINITE_RECURSION = YES;
				CLANG_WARN_INT_CONVERSION = YES;
				CLANG_WARN_NON_LITERAL_NULL_CONVERSION = YES;
				CLANG_WARN_OBJC_IMPLICIT_RETAIN_SELF = YES;
				CLANG_WARN_OBJC_LITERAL_CONVERSION = YES;
				CLANG_WARN_OBJC_ROOT_CLASS = YES_ERROR;
				CLANG_WARN_QUOTED_INCLUDE_IN_FRAMEWORK_HEADER = YES;
				CLANG_WARN_RANGE_LOOP_ANALYSIS = YES;
				CLANG_WARN_STRICT_PROTOTYPES = YES;
				CLANG_WARN_SUSPICIOUS_MOVE = YES;
				CLANG_WARN_UNGUARDED_AVAILABILITY = YES_AGGRESSIVE;
				CLANG_WARN_UNREACHABLE_CODE = YES;
				CLANG_WARN__DUPLICATE_METHOD_MATCH = YES;
				COPY_PHASE_STRIP = NO;
				DEBUG_INFORMATION_FORMAT = "dwarf-with-dsym";
				ENABLE_NS_ASSERTIONS = NO;
				ENABLE_STRICT_OBJC_MSGSEND = YES;
				GCC_C_LANGUAGE_STANDARD = gnu11;
				GCC_NO_COMMON_BLOCKS = YES;
				GCC_WARN_64_TO_32_BIT_CONVERSION = YES;
				GCC_WARN_ABOUT_RETURN_TYPE = YES_ERROR;
				GCC_WARN_UNDECLARED_SELECTOR = YES;
				GCC_WARN_UNINITIALIZED_AUTOS = YES_AGGRESSIVE;
				GCC_WARN_UNUSED_FUNCTION = YES;
				GCC_WARN_UNUSED_VARIABLE = YES;
				IPHONEOS_DEPLOYMENT_TARGET = 15.0;
				MTL_ENABLE_DEBUG_INFO = NO;
				MTL_FAST_MATH = YES;
				SDKROOT = iphoneos;
				SWIFT_COMPILATION_MODE = wholemodule;
				SWIFT_OPTIMIZATION_LEVEL = "-O";
				VALIDATE_PRODUCT = YES;
			};
			name = Release;
		};
		948B7DFD27B7D5B900BE1973 /* Debug */ = {
			isa = XCBuildConfiguration;
			buildSettings = {
				ASSETCATALOG_COMPILER_APPICON_NAME = AppIcon;
				ASSETCATALOG_COMPILER_GLOBAL_ACCENT_COLOR_NAME = AccentColor;
				CODE_SIGN_STYLE = Automatic;
				CURRENT_PROJECT_VERSION = 1;
				GENERATE_INFOPLIST_FILE = YES;
				INFOPLIST_FILE = SwiftTodoApp/SupportingFiles/Info.plist;
				INFOPLIST_KEY_UIApplicationSupportsIndirectInputEvents = YES;
				INFOPLIST_KEY_UILaunchStoryboardName = LaunchScreen;
				INFOPLIST_KEY_UISupportedInterfaceOrientations_iPad = "UIInterfaceOrientationPortrait UIInterfaceOrientationPortraitUpsideDown UIInterfaceOrientationLandscapeLeft UIInterfaceOrientationLandscapeRight";
				INFOPLIST_KEY_UISupportedInterfaceOrientations_iPhone = "UIInterfaceOrientationPortrait UIInterfaceOrientationLandscapeLeft UIInterfaceOrientationLandscapeRight";
				LD_RUNPATH_SEARCH_PATHS = (
					"$(inherited)",
					"@executable_path/Frameworks",
				);
				MARKETING_VERSION = 1.0;
				PRODUCT_BUNDLE_IDENTIFIER = com.sadikcoban.SwiftTodoApp;
				PRODUCT_NAME = "$(TARGET_NAME)";
				SWIFT_EMIT_LOC_STRINGS = YES;
				SWIFT_VERSION = 5.0;
				TARGETED_DEVICE_FAMILY = "1,2";
			};
			name = Debug;
		};
		948B7DFE27B7D5B900BE1973 /* Release */ = {
			isa = XCBuildConfiguration;
			buildSettings = {
				ASSETCATALOG_COMPILER_APPICON_NAME = AppIcon;
				ASSETCATALOG_COMPILER_GLOBAL_ACCENT_COLOR_NAME = AccentColor;
				CODE_SIGN_STYLE = Automatic;
				CURRENT_PROJECT_VERSION = 1;
				GENERATE_INFOPLIST_FILE = YES;
				INFOPLIST_FILE = SwiftTodoApp/SupportingFiles/Info.plist;
				INFOPLIST_KEY_UIApplicationSupportsIndirectInputEvents = YES;
				INFOPLIST_KEY_UILaunchStoryboardName = LaunchScreen;
				INFOPLIST_KEY_UISupportedInterfaceOrientations_iPad = "UIInterfaceOrientationPortrait UIInterfaceOrientationPortraitUpsideDown UIInterfaceOrientationLandscapeLeft UIInterfaceOrientationLandscapeRight";
				INFOPLIST_KEY_UISupportedInterfaceOrientations_iPhone = "UIInterfaceOrientationPortrait UIInterfaceOrientationLandscapeLeft UIInterfaceOrientationLandscapeRight";
				LD_RUNPATH_SEARCH_PATHS = (
					"$(inherited)",
					"@executable_path/Frameworks",
				);
				MARKETING_VERSION = 1.0;
				PRODUCT_BUNDLE_IDENTIFIER = com.sadikcoban.SwiftTodoApp;
				PRODUCT_NAME = "$(TARGET_NAME)";
				SWIFT_EMIT_LOC_STRINGS = YES;
				SWIFT_VERSION = 5.0;
				TARGETED_DEVICE_FAMILY = "1,2";
			};
			name = Release;
		};
/* End XCBuildConfiguration section */

/* Begin XCConfigurationList section */
		948B7DE027B7D5B700BE1973 /* Build configuration list for PBXProject "SwiftTodoApp" */ = {
			isa = XCConfigurationList;
			buildConfigurations = (
				948B7DFA27B7D5B900BE1973 /* Debug */,
				948B7DFB27B7D5B900BE1973 /* Release */,
			);
			defaultConfigurationIsVisible = 0;
			defaultConfigurationName = Release;
		};
		948B7DFC27B7D5B900BE1973 /* Build configuration list for PBXNativeTarget "SwiftTodoApp" */ = {
			isa = XCConfigurationList;
			buildConfigurations = (
				948B7DFD27B7D5B900BE1973 /* Debug */,
				948B7DFE27B7D5B900BE1973 /* Release */,
			);
			defaultConfigurationIsVisible = 0;
			defaultConfigurationName = Release;
		};
/* End XCConfigurationList section */

/* Begin XCVersionGroup section */
		948B7DF127B7D5B700BE1973 /* TodoModel.xcdatamodeld */ = {
			isa = XCVersionGroup;
			children = (
				948B7DF227B7D5B700BE1973 /* SwiftTodoApp.xcdatamodel */,
			);
			currentVersion = 948B7DF227B7D5B700BE1973 /* SwiftTodoApp.xcdatamodel */;
			path = TodoModel.xcdatamodeld;
			sourceTree = "<group>";
			versionGroupType = wrapper.xcdatamodel;
		};
/* End XCVersionGroup section */
	};
	rootObject = 948B7DDD27B7D5B700BE1973 /* Project object */;
}
